{
  "name": "shuffle",
  "version": "1.0.0",
  "lockfileVersion": 2,
  "requires": true,
  "packages": {
    "": {
      "version": "1.0.0",
      "license": "MIT",
      "dependencies": {
        "@datastructures-js/priority-queue": "^5.2.0",
        "@types/node": "^16.10.2"
      }
    },
    "node_modules/@datastructures-js/heap": {
      "version": "3.2.0",
      "resolved": "https://registry.npmjs.org/@datastructures-js/heap/-/heap-3.2.0.tgz",
      "integrity": "sha512-FcU5ZAyb+VIOZz1HABsJUsbJi2ZyUDO7aoe97hq4d3tK3z8nMgwdxf5bO0gafR0ExFi18YTspntqHLzt4XOgnA==",
      "license": "MIT"
    },
    "node_modules/@datastructures-js/priority-queue": {
      "version": "5.2.0",
      "resolved": "https://registry.npmjs.org/@datastructures-js/priority-queue/-/priority-queue-5.2.0.tgz",
      "integrity": "sha512-BSsk5kPhGUP7XsE18Yzb8pTVXOWWlumk2L9noU1Iv9rRJrxpi1l4co7vHvzfv+JPkkMpFGPCEIFJCo9R93BArw==",
      "license": "MIT",
      "dependencies": {
        "@datastructures-js/heap": "^3.2.0"
      }
    },
    "node_modules/@types/node": {
      "version": "16.10.2",
      "resolved": "https://registry.npmjs.org/@types/node/-/node-16.10.2.tgz",
      "integrity": "sha512-zCclL4/rx+W5SQTzFs9wyvvyCwoK9QtBpratqz2IYJ3O8Umrn0m3nsTv0wQBk9sRGpvUe9CwPDrQFB10f1FIjQ=="
    }
  },
  "dependencies": {
    "@datastructures-js/heap": {
      "version": "3.2.0",
      "resolved": "https://registry.npmjs.org/@datastructures-js/heap/-/heap-3.2.0.tgz",
      "integrity": "sha512-FcU5ZAyb+VIOZz1HABsJUsbJi2ZyUDO7aoe97hq4d3tK3z8nMgwdxf5bO0gafR0ExFi18YTspntqHLzt4XOgnA=="
    },
    "@datastructures-js/priority-queue": {
      "version": "5.2.0",
      "resolved": "https://registry.npmjs.org/@datastructures-js/priority-queue/-/priority-queue-5.2.0.tgz",
      "integrity": "sha512-BSsk5kPhGUP7XsE18Yzb8pTVXOWWlumk2L9noU1Iv9rRJrxpi1l4co7vHvzfv+JPkkMpFGPCEIFJCo9R93BArw==",
      "requires": {
        "@datastructures-js/heap": "^3.2.0"
      }
    },
    "@types/node": {
      "version": "16.10.2",
      "resolved": "https://registry.npmjs.org/@types/node/-/node-16.10.2.tgz",
      "integrity": "sha512-zCclL4/rx+W5SQTzFs9wyvvyCwoK9QtBpratqz2IYJ3O8Umrn0m3nsTv0wQBk9sRGpvUe9CwPDrQFB10f1FIjQ=="
    }
  }
}
