# THIS IS AN AUTOGENERATED FILE. DO NOT EDIT THIS FILE DIRECTLY.
# yarn lockfile v1


"@datastructures-js/heap@^3.2.0":
  "integrity" "sha512-FcU5ZAyb+VIOZz1HABsJUsbJi2ZyUDO7aoe97hq4d3tK3z8nMgwdxf5bO0gafR0ExFi18YTspntqHLzt4XOgnA=="
  "resolved" "https://registry.npmjs.org/@datastructures-js/heap/-/heap-3.2.0.tgz"
  "version" "3.2.0"

"@datastructures-js/priority-queue@^5.2.0":
  "integrity" "sha512-BSsk5kPhGUP7XsE18Yzb8pTVXOWWlumk2L9noU1Iv9rRJrxpi1l4co7vHvzfv+JPkkMpFGPCEIFJCo9R93BArw=="
  "resolved" "https://registry.npmjs.org/@datastructures-js/priority-queue/-/priority-queue-5.2.0.tgz"
  "version" "5.2.0"
  dependencies:
    "@datastructures-js/heap" "^3.2.0"

"@types/node@^16.10.2":
  "integrity" "sha512-zCclL4/rx+W5SQTzFs9wyvvyCwoK9QtBpratqz2IYJ3O8Umrn0m3nsTv0wQBk9sRGpvUe9CwPDrQFB10f1FIjQ=="
  "resolved" "https://registry.npmjs.org/@types/node/-/node-16.10.2.tgz"
  "version" "16.10.2"
